// !$*UTF8*$!
{
	archiveVersion = 1;
	classes = {
	};
	objectVersion = 46;
	objects = {

/* Begin PBXBuildFile section */
		C7225DB61A09733300BAC4BC /* main.c in Sources */ = {isa = PBXBuildFile; fileRef = C7225DB51A09733300BAC4BC /* main.c */; };
/* End PBXBuildFile section */

/* Begin PBXCopyFilesBuildPhase section */
		C7225DB01A09733300BAC4BC /* CopyFiles */ = {
			isa = PBXCopyFilesBuildPhase;
			buildActionMask = 2147483647;
			dstPath = /usr/share/man/man1/;
			dstSubfolderSpec = 0;
			files = (
			);
			runOnlyForDeploymentPostprocessing = 1;
		};
/* End PBXCopyFilesBuildPhase section */

/* Begin PBXFileReference section */
		C7225DB21A09733300BAC4BC /* X52ProDaemon */ = {isa = PBXFileReference; explicitFileType = "compiled.mach-o.executable"; includeInIndex = 0; path = X52ProDaemon; sourceTree = BUILT_PRODUCTS_DIR; };
		C7225DB51A09733300BAC4BC /* main.c */ = {isa = PBXFileReference; lastKnownFileType = sourcecode.c.c; path = main.c; sourceTree = "<group>"; };
		C7D6C45B1A0ABB770006FDDE /* org.infernus.X52ProDaemon.plist */ = {isa = PBXFileReference; fileEncoding = 4; lastKnownFileType = text.plist.xml; path = org.infernus.X52ProDaemon.plist; sourceTree = "<group>"; };
/* End PBXFileReference section */

/* Begin PBXFrameworksBuildPhase section */
		C7225DAF1A09733300BAC4BC /* Frameworks */ = {
			isa = PBXFrameworksBuildPhase;
			buildActionMask = 2147483647;
			files = (
			);
			runOnlyForDeploymentPostprocessing = 0;
		};
/* End PBXFrameworksBuildPhase section */

/* Begin PBXGroup section */
		C7225DA91A09733300BAC4BC = {
			isa = PBXGroup;
			children = (
				C7225DB41A09733300BAC4BC /* X52ProDaemon */,
				C7225DB31A09733300BAC4BC /* Products */,
			);
			sourceTree = "<group>";
		};
		C7225DB31A09733300BAC4BC /* Products */ = {
			isa = PBXGroup;
			children = (
				C7225DB21A09733300BAC4BC /* X52ProDaemon */,
			);
			name = Products;
			sourceTree = "<group>";
		};
		C7225DB41A09733300BAC4BC /* X52ProDaemon */ = {
			isa = PBXGroup;
			children = (
				C7225DB51A09733300BAC4BC /* main.c */,
				C7D6C45B1A0ABB770006FDDE /* org.infernus.X52ProDaemon.plist */,
			);
			path = X52ProDaemon;
			sourceTree = "<group>";
		};
/* End PBXGroup section */

/* Begin PBXNativeTarget section */
		C7225DB11A09733300BAC4BC /* X52ProDaemon */ = {
			isa = PBXNativeTarget;
			buildConfigurationList = C7225DB91A09733300BAC4BC /* Build configuration list for PBXNativeTarget "X52ProDaemon" */;
			buildPhases = (
				C7225DAE1A09733300BAC4BC /* Sources */,
				C7225DAF1A09733300BAC4BC /* Frameworks */,
				C7225DB01A09733300BAC4BC /* CopyFiles */,
			);
			buildRules = (
			);
			dependencies = (
			);
			name = X52ProDaemon;
			productName = X52ProDaemon;
			productReference = C7225DB21A09733300BAC4BC /* X52ProDaemon */;
			productType = "com.apple.product-type.tool";
		};
/* End PBXNativeTarget section */

/* Begin PBXProject section */
		C7225DAA1A09733300BAC4BC /* Project object */ = {
			isa = PBXProject;
			attributes = {
				LastUpgradeCheck = 0610;
				ORGANIZATIONNAME = Infernus;
				TargetAttributes = {
					C7225DB11A09733300BAC4BC = {
						CreatedOnToolsVersion = 6.1;
					};
				};
			};
			buildConfigurationList = C7225DAD1A09733300BAC4BC /* Build configuration list for PBXProject "X52ProDaemon" */;
			compatibilityVersion = "Xcode 3.2";
			developmentRegion = English;
			hasScannedForEncodings = 0;
			knownRegions = (
				en,
			);
			mainGroup = C7225DA91A09733300BAC4BC;
			productRefGroup = C7225DB31A09733300BAC4BC /* Products */;
			projectDirPath = "";
			projectRoot = "";
			targets = (
				C7225DB11A09733300BAC4BC /* X52ProDaemon */,
			);
		};
/* End PBXProject section */

/* Begin PBXSourcesBuildPhase section */
		C7225DAE1A09733300BAC4BC /* Sources */ = {
			isa = PBXSourcesBuildPhase;
			buildActionMask = 2147483647;
			files = (
				C7225DB61A09733300BAC4BC /* main.c in Sources */,
			);
			runOnlyForDeploymentPostprocessing = 0;
		};
/* End PBXSourcesBuildPhase section */

/* Begin XCBuildConfiguration section */
		C7225DB71A09733300BAC4BC /* Debug */ = {
			isa = XCBuildConfiguration;
			buildSettings = {
				ALWAYS_SEARCH_USER_PATHS = NO;
				CLANG_CXX_LANGUAGE_STANDARD = "gnu++0x";
				CLANG_CXX_LIBRARY = "libc++";
				CLANG_ENABLE_MODULES = YES;
				CLANG_ENABLE_OBJC_ARC = YES;
				CLANG_WARN_BOOL_CONVERSION = YES;
				CLANG_WARN_CONSTANT_CONVERSION = YES;
				CLANG_WARN_DIRECT_OBJC_ISA_USAGE = YES_ERROR;
				CLANG_WARN_EMPTY_BODY = YES;
				CLANG_WARN_ENUM_CONVERSION = YES;
				CLANG_WARN_INT_CONVERSION = YES;
				CLANG_WARN_OBJC_ROOT_CLASS = YES_ERROR;
				CLANG_WARN_UNREACHABLE_CODE = YES;
				CLANG_WARN__DUPLICATE_METHOD_MATCH = YES;
				COPY_PHASE_STRIP = NO;
				ENABLE_STRICT_OBJC_MSGSEND = YES;
				GCC_C_LANGUAGE_STANDARD = gnu99;
				GCC_DYNAMIC_NO_PIC = NO;
				GCC_OPTIMIZATION_LEVEL = 0;
				GCC_PREPROCESSOR_DEFINITIONS = (
					"DEBUG=1",
					"$(inherited)",
				);
				GCC_SYMBOLS_PRIVATE_EXTERN = NO;
				GCC_WARN_64_TO_32_BIT_CONVERSION = YES;
				GCC_WARN_ABOUT_RETURN_TYPE = YES_ERROR;
				GCC_WARN_UNDECLARED_SELECTOR = YES;
				GCC_WARN_UNINITIALIZED_AUTOS = YES_AGGRESSIVE;
				GCC_WARN_UNUSED_FUNCTION = YES;
				GCC_WARN_UNUSED_VARIABLE = YES;
				MACOSX_DEPLOYMENT_TARGET = 10.10;
				MTL_ENABLE_DEBUG_INFO = YES;
				ONLY_ACTIVE_ARCH = YES;
				SDKROOT = macosx;
			};
			name = Debug;
		};
		C7225DB81A09733300BAC4BC /* Release */ = {
			isa = XCBuildConfiguration;
			buildSettings = {
				ALWAYS_SEARCH_USER_PATHS = NO;
				CLANG_CXX_LANGUAGE_STANDARD = "gnu++0x";
				CLANG_CXX_LIBRARY = "libc++";
				CLANG_ENABLE_MODULES = YES;
				CLANG_ENABLE_OBJC_ARC = YES;
				CLANG_WARN_BOOL_CONVERSION = YES;
				CLANG_WARN_CONSTANT_CONVERSION = YES;
				CLANG_WARN_DIRECT_OBJC_ISA_USAGE = YES_ERROR;
				CLANG_WARN_EMPTY_BODY = YES;
				CLANG_WARN_ENUM_CONVERSION = YES;
				CLANG_WARN_INT_CONVERSION = YES;
				CLANG_WARN_OBJC_ROOT_CLASS = YES_ERROR;
				CLANG_WARN_UNREACHABLE_CODE = YES;
				CLANG_WARN__DUPLICATE_METHOD_MATCH = YES;
				COPY_PHASE_STRIP = YES;
				DEBUG_INFORMATION_FORMAT = "dwarf-with-dsym";
				ENABLE_NS_ASSERTIONS = NO;
				ENABLE_STRICT_OBJC_MSGSEND = YES;
				GCC_C_LANGUAGE_STANDARD = gnu99;
				GCC_WARN_64_TO_32_BIT_CONVERSION = YES;
				GCC_WARN_ABOUT_RETURN_TYPE = YES_ERROR;
				GCC_WARN_UNDECLARED_SELECTOR = YES;
				GCC_WARN_UNINITIALIZED_AUTOS = YES_AGGRESSIVE;
				GCC_WARN_UNUSED_FUNCTION = YES;
				GCC_WARN_UNUSED_VARIABLE = YES;
				MACOSX_DEPLOYMENT_TARGET = 10.10;
				MTL_ENABLE_DEBUG_INFO = NO;
				SDKROOT = macosx;
			};
			name = Release;
		};
		C7225DBA1A09733300BAC4BC /* Debug */ = {
			isa = XCBuildConfiguration;
			buildSettings = {
				INSTALL_GROUP = admin;
				INSTALL_OWNER = root;
				INSTALL_PATH = "/Library/Application Support/Infernus/X52ProDaemon";
				OTHER_CFLAGS = "";
				PRODUCT_NAME = "$(TARGET_NAME)";
			};
			name = Debug;
		};
		C7225DBB1A09733300BAC4BC /* Release */ = {
			isa = XCBuildConfiguration;
			buildSettings = {
				INSTALL_GROUP = admin;
				INSTALL_OWNER = root;
				INSTALL_PATH = "/Library/Application Support/Infernus/X52ProDaemon";
				OTHER_CFLAGS = "";
				PRODUCT_NAME = "$(TARGET_NAME)";
			};
			name = Release;
		};
/* End XCBuildConfiguration section */

/* Begin XCConfigurationList section */
		C7225DAD1A09733300BAC4BC /* Build configuration list for PBXProject "X52ProDaemon" */ = {
			isa = XCConfigurationList;
			buildConfigurations = (
				C7225DB71A09733300BAC4BC /* Debug */,
				C7225DB81A09733300BAC4BC /* Release */,
			);
			defaultConfigurationIsVisible = 0;
			defaultConfigurationName = Release;
		};
		C7225DB91A09733300BAC4BC /* Build configuration list for PBXNativeTarget "X52ProDaemon" */ = {
			isa = XCConfigurationList;
			buildConfigurations = (
				C7225DBA1A09733300BAC4BC /* Debug */,
				C7225DBB1A09733300BAC4BC /* Release */,
			);
			defaultConfigurationIsVisible = 0;
			defaultConfigurationName = Release;
		};
/* End XCConfigurationList section */
	};
	rootObject = C7225DAA1A09733300BAC4BC /* Project object */;
}
